
Microsoft Visual Studio Solution File, Format Version 12.00
# Visual Studio 15
VisualStudioVersion = 15.0.28307.1972
MinimumVisualStudioVersion = 10.0.40219.1
Project("{FAE04EC0-301F-11D3-BF4B-00C04F79EFBC}") = "lab2_1", "lab2_1\lab2_1.csproj", "{703F6FCD-B6C9-417E-83E6-9689B1E91578}"
EndProject
Global
	GlobalSection(SolutionConfigurationPlatforms) = preSolution
		Debug|Any CPU = Debug|Any CPU
		Release|Any CPU = Release|Any CPU
	EndGlobalSection
	GlobalSection(ProjectConfigurationPlatforms) = postSolution
		{703F6FCD-B6C9-417E-83E6-9689B1E91578}.Debug|Any CPU.ActiveCfg = Debug|Any CPU
		{703F6FCD-B6C9-417E-83E6-9689B1E91578}.Debug|Any CPU.Build.0 = Debug|Any CPU
		{703F6FCD-B6C9-417E-83E6-9689B1E91578}.Release|Any CPU.ActiveCfg = Release|Any CPU
		{703F6FCD-B6C9-417E-83E6-9689B1E91578}.Release|Any CPU.Build.0 = Release|Any CPU
	EndGlobalSection
	GlobalSection(SolutionProperties) = preSolution
		HideSolutionNode = FALSE
	EndGlobalSection
	GlobalSection(ExtensibilityGlobals) = postSolution
		SolutionGuid = {C6E46A36-8A8E-4612-B6BB-53168E0F5047}
	EndGlobalSection
EndGlobal
